
Microsoft Visual Studio Solution File, Format Version 12.00
# Visual Studio Version 17
VisualStudioVersion = 17.8.34330.188
MinimumVisualStudioVersion = 10.0.40219.1
Project("{9A19103F-16F7-4668-BE54-9A1E7A4F7556}") = "Stat", "Stat\Stat.csproj", "{72777409-2421-4978-9F3C-2047B0BB3A82}"
EndProject
Global
	GlobalSection(SolutionConfigurationPlatforms) = preSolution
		Debug|Any CPU = Debug|Any CPU
		Release|Any CPU = Release|Any CPU
	EndGlobalSection
	GlobalSection(ProjectConfigurationPlatforms) = postSolution
		{72777409-2421-4978-9F3C-2047B0BB3A82}.Debug|Any CPU.ActiveCfg = Debug|Any CPU
		{72777409-2421-4978-9F3C-2047B0BB3A82}.Debug|Any CPU.Build.0 = Debug|Any CPU
		{72777409-2421-4978-9F3C-2047B0BB3A82}.Release|Any CPU.ActiveCfg = Release|Any CPU
		{72777409-2421-4978-9F3C-2047B0BB3A82}.Release|Any CPU.Build.0 = Release|Any CPU
	EndGlobalSection
	GlobalSection(SolutionProperties) = preSolution
		HideSolutionNode = FALSE
	EndGlobalSection
	GlobalSection(ExtensibilityGlobals) = postSolution
		SolutionGuid = {8F9C3BBC-2E5C-430B-B66A-91C2F7F06537}
	EndGlobalSection
EndGlobal
